
Microsoft Visual Studio Solution File, Format Version 12.00
# Visual Studio Version 17
VisualStudioVersion = 17.4.33205.214
MinimumVisualStudioVersion = 10.0.40219.1
Project("{9A19103F-16F7-4668-BE54-9A1E7A4F7556}") = "FPLV2.Updater", "FPLV2.Updater\FPLV2.Updater.csproj", "{218B6068-9F10-4EFE-8DB9-071ED93B3F2F}"
EndProject
Project("{9A19103F-16F7-4668-BE54-9A1E7A4F7556}") = "FPLV2.Database", "FPLV2.Database\FPLV2.Database.csproj", "{84262CD1-9628-4D53-9A71-DE45F4BE3FE2}"
EndProject
Project("{9A19103F-16F7-4668-BE54-9A1E7A4F7556}") = "FPLV2.UnitTests", "FPLV2.UnitTests\FPLV2.UnitTests.csproj", "{E002D2D2-FCAD-4979-B61B-3A7A7887C06C}"
EndProject
Project("{9A19103F-16F7-4668-BE54-9A1E7A4F7556}") = "FPLV2.Api", "FPLV2.Api\FPLV2.Api.csproj", "{99E108F7-B29B-43C5-A4DF-CEF2A0904FC1}"
EndProject
Project("{FAE04EC0-301F-11D3-BF4B-00C04F79EFBC}") = "FPLV2.Client", "FPLV2.Client\FPLV2.Client.csproj", "{C9A9FF6A-0B4B-4B25-883A-4902D2A32E56}"
EndProject
Global
	GlobalSection(SolutionConfigurationPlatforms) = preSolution
		Debug|Any CPU = Debug|Any CPU
		Release|Any CPU = Release|Any CPU
	EndGlobalSection
	GlobalSection(ProjectConfigurationPlatforms) = postSolution
		{218B6068-9F10-4EFE-8DB9-071ED93B3F2F}.Debug|Any CPU.ActiveCfg = Debug|Any CPU
		{218B6068-9F10-4EFE-8DB9-071ED93B3F2F}.Debug|Any CPU.Build.0 = Debug|Any CPU
		{218B6068-9F10-4EFE-8DB9-071ED93B3F2F}.Release|Any CPU.ActiveCfg = Release|Any CPU
		{218B6068-9F10-4EFE-8DB9-071ED93B3F2F}.Release|Any CPU.Build.0 = Release|Any CPU
		{84262CD1-9628-4D53-9A71-DE45F4BE3FE2}.Debug|Any CPU.ActiveCfg = Debug|Any CPU
		{84262CD1-9628-4D53-9A71-DE45F4BE3FE2}.Debug|Any CPU.Build.0 = Debug|Any CPU
		{84262CD1-9628-4D53-9A71-DE45F4BE3FE2}.Release|Any CPU.ActiveCfg = Release|Any CPU
		{84262CD1-9628-4D53-9A71-DE45F4BE3FE2}.Release|Any CPU.Build.0 = Release|Any CPU
		{E002D2D2-FCAD-4979-B61B-3A7A7887C06C}.Debug|Any CPU.ActiveCfg = Debug|Any CPU
		{E002D2D2-FCAD-4979-B61B-3A7A7887C06C}.Debug|Any CPU.Build.0 = Debug|Any CPU
		{E002D2D2-FCAD-4979-B61B-3A7A7887C06C}.Release|Any CPU.ActiveCfg = Release|Any CPU
		{E002D2D2-FCAD-4979-B61B-3A7A7887C06C}.Release|Any CPU.Build.0 = Release|Any CPU
		{99E108F7-B29B-43C5-A4DF-CEF2A0904FC1}.Debug|Any CPU.ActiveCfg = Debug|Any CPU
		{99E108F7-B29B-43C5-A4DF-CEF2A0904FC1}.Debug|Any CPU.Build.0 = Debug|Any CPU
		{99E108F7-B29B-43C5-A4DF-CEF2A0904FC1}.Release|Any CPU.ActiveCfg = Release|Any CPU
		{99E108F7-B29B-43C5-A4DF-CEF2A0904FC1}.Release|Any CPU.Build.0 = Release|Any CPU
		{C9A9FF6A-0B4B-4B25-883A-4902D2A32E56}.Debug|Any CPU.ActiveCfg = Debug|Any CPU
		{C9A9FF6A-0B4B-4B25-883A-4902D2A32E56}.Debug|Any CPU.Build.0 = Debug|Any CPU
		{C9A9FF6A-0B4B-4B25-883A-4902D2A32E56}.Release|Any CPU.ActiveCfg = Release|Any CPU
		{C9A9FF6A-0B4B-4B25-883A-4902D2A32E56}.Release|Any CPU.Build.0 = Release|Any CPU
	EndGlobalSection
	GlobalSection(SolutionProperties) = preSolution
		HideSolutionNode = FALSE
	EndGlobalSection
	GlobalSection(ExtensibilityGlobals) = postSolution
		SolutionGuid = {E246518C-4FB4-4065-A7EF-A6236FDEBEDD}
	EndGlobalSection
EndGlobal
